{
  "name": "socialprofile",
  "lockfileVersion": 3,
  "requires": true,
  "packages": {
    "": {
      "dependencies": {
        "@ngrx/effects": "^16.0.0",
        "@ngrx/entity": "^16.0.0",
        "@ngrx/store": "^16.0.0",
        "@ngrx/store-devtools": "^16.0.0",
        "rxjs": "^7.8.1"
      }
    },
    "node_modules/@angular/core": {
      "version": "16.0.2",
      "resolved": "https://registry.npmjs.org/@angular/core/-/core-16.0.2.tgz",
      "integrity": "sha512-uPa2A+nVqwljDepahMn2ndgWg/a14VnTqgunXJP9q/Us98I/YGdryake4aTfXHUAdLON/R9IzomiXeFDYp5cJQ==",
      "peer": true,
      "dependencies": {
        "tslib": "^2.3.0"
      },
      "engines": {
        "node": "^16.14.0 || >=18.10.0"
      },
      "peerDependencies": {
        "rxjs": "^6.5.3 || ^7.4.0",
        "zone.js": "~0.13.0"
      }
    },
    "node_modules/@ngrx/effects": {
      "version": "16.0.0",
      "resolved": "https://registry.npmjs.org/@ngrx/effects/-/effects-16.0.0.tgz",
      "integrity": "sha512-l3H/yCwVl8DPmUasOEDthdv9lZMhCSJwBxfSXjUW7gKJVEamP3PSuvExp0ZpW9RULPblgcfTM1TH8VcPAHelQw==",
      "dependencies": {
        "tslib": "^2.0.0"
      },
      "peerDependencies": {
        "@angular/core": "^16.0.0",
        "@ngrx/store": "16.0.0",
        "rxjs": "^6.5.3 || ^7.5.0"
      }
    },
    "node_modules/@ngrx/entity": {
      "version": "16.0.0",
      "resolved": "https://registry.npmjs.org/@ngrx/entity/-/entity-16.0.0.tgz",
      "integrity": "sha512-9y5gAtIL/MiiNtZMjzIy5lncvqnX1B3auobNPGPqTwaXMo7y0VQAsp9qCmR0/Z1L32AsAnawKJLYf9wv/q4NBQ==",
      "dependencies": {
        "tslib": "^2.0.0"
      },
      "peerDependencies": {
        "@angular/core": "^16.0.0",
        "@ngrx/store": "16.0.0",
        "rxjs": "^6.5.3 || ^7.5.0"
      }
    },
    "node_modules/@ngrx/store": {
      "version": "16.0.0",
      "resolved": "https://registry.npmjs.org/@ngrx/store/-/store-16.0.0.tgz",
      "integrity": "sha512-bmr0KLITh9u1DJO51USTc4OAKX+su06efhTdNiQV/wagifpbC4kA8zr2hdstKMNG3Z5EKTX3XLFanIiREkd6JQ==",
      "dependencies": {
        "tslib": "^2.0.0"
      },
      "peerDependencies": {
        "@angular/core": "^16.0.0",
        "rxjs": "^6.5.3 || ^7.5.0"
      }
    },
    "node_modules/@ngrx/store-devtools": {
      "version": "16.0.0",
      "resolved": "https://registry.npmjs.org/@ngrx/store-devtools/-/store-devtools-16.0.0.tgz",
      "integrity": "sha512-20+jv+k6W3PM6gohiYaUXiEv9U0fFLMZJb7c7ARRsu1vWICC59dW77OPMhoVrqDLoMgr4gMikw/BwfceSLxCJA==",
      "dependencies": {
        "tslib": "^2.0.0"
      },
      "peerDependencies": {
        "@ngrx/store": "16.0.0",
        "rxjs": "^6.5.3 || ^7.5.0"
      }
    },
    "node_modules/rxjs": {
      "version": "7.8.1",
      "resolved": "https://registry.npmjs.org/rxjs/-/rxjs-7.8.1.tgz",
      "integrity": "sha512-AA3TVj+0A2iuIoQkWEK/tqFjBq2j+6PO6Y0zJcvzLAFhEFIO3HL0vls9hWLncZbAAbK0mar7oZ4V079I/qPMxg==",
      "dependencies": {
        "tslib": "^2.1.0"
      }
    },
    "node_modules/tslib": {
      "version": "2.5.2",
      "resolved": "https://registry.npmjs.org/tslib/-/tslib-2.5.2.tgz",
      "integrity": "sha512-5svOrSA2w3iGFDs1HibEVBGbDrAY82bFQ3HZ3ixB+88nsbsWQoKqDRb5UBYAUPEzbBn6dAp5gRNXglySbx1MlA=="
    },
    "node_modules/zone.js": {
      "version": "0.13.0",
      "resolved": "https://registry.npmjs.org/zone.js/-/zone.js-0.13.0.tgz",
      "integrity": "sha512-7m3hNNyswsdoDobCkYNAy5WiUulkMd3+fWaGT9ij6iq3Zr/IwJo4RMCYPSDjT+r7tnPErmY9sZpKhWQ8S5k6XQ==",
      "peer": true,
      "dependencies": {
        "tslib": "^2.3.0"
      }
    }
  }
}
